
Microsoft Visual Studio Solution File, Format Version 12.00
# Visual Studio 15
VisualStudioVersion = 15.0.27004.2005
MinimumVisualStudioVersion = 10.0.40219.1
Project("{FAE04EC0-301F-11D3-BF4B-00C04F79EFBC}") = "Seleno.BrowserStack.SpecFlowPlugin", "Seleno.BrowserStack.SpecFlowPlugin\Seleno.BrowserStack.SpecFlowPlugin.csproj", "{489BA0D1-6FA9-4104-AD6F-14E3C4705BDD}"
EndProject
Global
	GlobalSection(SolutionConfigurationPlatforms) = preSolution
		Debug|Any CPU = Debug|Any CPU
		Release|Any CPU = Release|Any CPU
	EndGlobalSection
	GlobalSection(ProjectConfigurationPlatforms) = postSolution
		{489BA0D1-6FA9-4104-AD6F-14E3C4705BDD}.Debug|Any CPU.ActiveCfg = Debug|Any CPU
		{489BA0D1-6FA9-4104-AD6F-14E3C4705BDD}.Debug|Any CPU.Build.0 = Debug|Any CPU
		{489BA0D1-6FA9-4104-AD6F-14E3C4705BDD}.Release|Any CPU.ActiveCfg = Release|Any CPU
		{489BA0D1-6FA9-4104-AD6F-14E3C4705BDD}.Release|Any CPU.Build.0 = Release|Any CPU
	EndGlobalSection
	GlobalSection(SolutionProperties) = preSolution
		HideSolutionNode = FALSE
	EndGlobalSection
	GlobalSection(ExtensibilityGlobals) = postSolution
		SolutionGuid = {D0A64C30-2F1F-4219-AB81-A56CA259C45F}
	EndGlobalSection
EndGlobal
